
Microsoft Visual Studio Solution File, Format Version 12.00
# Visual Studio Version 16
VisualStudioVersion = 16.0.29709.97
MinimumVisualStudioVersion = 10.0.40219.1
Project("{9A19103F-16F7-4668-BE54-9A1E7A4F7556}") = "EconMLWeb", "EconMLWeb\EconMLWeb.csproj", "{BB3D3E78-F6E5-4847-AB01-9406D446F683}"
EndProject
Global
	GlobalSection(SolutionConfigurationPlatforms) = preSolution
		Debug|Any CPU = Debug|Any CPU
		Release|Any CPU = Release|Any CPU
	EndGlobalSection
	GlobalSection(ProjectConfigurationPlatforms) = postSolution
		{BB3D3E78-F6E5-4847-AB01-9406D446F683}.Debug|Any CPU.ActiveCfg = Debug|Any CPU
		{BB3D3E78-F6E5-4847-AB01-9406D446F683}.Debug|Any CPU.Build.0 = Debug|Any CPU
		{BB3D3E78-F6E5-4847-AB01-9406D446F683}.Release|Any CPU.ActiveCfg = Release|Any CPU
		{BB3D3E78-F6E5-4847-AB01-9406D446F683}.Release|Any CPU.Build.0 = Release|Any CPU
	EndGlobalSection
	GlobalSection(SolutionProperties) = preSolution
		HideSolutionNode = FALSE
	EndGlobalSection
	GlobalSection(ExtensibilityGlobals) = postSolution
		SolutionGuid = {5C5FDFBB-C26F-480A-860A-884B4AB5EA7D}
	EndGlobalSection
EndGlobal
